
Microsoft Visual Studio Solution File, Format Version 12.00
# Visual Studio Version 16
VisualStudioVersion = 16.0.29230.47
MinimumVisualStudioVersion = 10.0.40219.1
Project("{FAE04EC0-301F-11D3-BF4B-00C04F79EFBC}") = "DillonWallsC2Episerver", "DillonWallsC2Episerver\DillonWallsC2Episerver.csproj", "{E0F19FA6-AB03-47FB-AAF7-5B115EAF8D26}"
EndProject
Global
	GlobalSection(SolutionConfigurationPlatforms) = preSolution
		Debug|Any CPU = Debug|Any CPU
		Release|Any CPU = Release|Any CPU
	EndGlobalSection
	GlobalSection(ProjectConfigurationPlatforms) = postSolution
		{E0F19FA6-AB03-47FB-AAF7-5B115EAF8D26}.Debug|Any CPU.ActiveCfg = Debug|Any CPU
		{E0F19FA6-AB03-47FB-AAF7-5B115EAF8D26}.Debug|Any CPU.Build.0 = Debug|Any CPU
		{E0F19FA6-AB03-47FB-AAF7-5B115EAF8D26}.Release|Any CPU.ActiveCfg = Release|Any CPU
		{E0F19FA6-AB03-47FB-AAF7-5B115EAF8D26}.Release|Any CPU.Build.0 = Release|Any CPU
	EndGlobalSection
	GlobalSection(SolutionProperties) = preSolution
		HideSolutionNode = FALSE
	EndGlobalSection
	GlobalSection(ExtensibilityGlobals) = postSolution
		SolutionGuid = {0EA19B86-9AA4-45C5-8519-378A6A66FEB8}
	EndGlobalSection
EndGlobal
